
Microsoft Visual Studio Solution File, Format Version 12.00
# Visual Studio Version 16
VisualStudioVersion = 16.0.31515.178
MinimumVisualStudioVersion = 10.0.40219.1
Project("{2150E333-8FDC-42A3-9474-1A3956D46DE8}") = "servidor", "servidor", "{E1A52C1F-CF61-42FC-85B3-873D053A13C2}"
EndProject
Project("{FAE04EC0-301F-11D3-BF4B-00C04F79EFBC}") = "UNACH.PELICULAS.WS", "UNACH.PELICULAS.WS\UNACH.PELICULAS.WS.csproj", "{B4DD38EA-1888-4CE7-900C-A2FB8739825B}"
EndProject
Global
	GlobalSection(SolutionConfigurationPlatforms) = preSolution
		Debug|Any CPU = Debug|Any CPU
		Release|Any CPU = Release|Any CPU
	EndGlobalSection
	GlobalSection(ProjectConfigurationPlatforms) = postSolution
		{B4DD38EA-1888-4CE7-900C-A2FB8739825B}.Debug|Any CPU.ActiveCfg = Debug|Any CPU
		{B4DD38EA-1888-4CE7-900C-A2FB8739825B}.Debug|Any CPU.Build.0 = Debug|Any CPU
		{B4DD38EA-1888-4CE7-900C-A2FB8739825B}.Release|Any CPU.ActiveCfg = Release|Any CPU
		{B4DD38EA-1888-4CE7-900C-A2FB8739825B}.Release|Any CPU.Build.0 = Release|Any CPU
	EndGlobalSection
	GlobalSection(SolutionProperties) = preSolution
		HideSolutionNode = FALSE
	EndGlobalSection
	GlobalSection(NestedProjects) = preSolution
		{B4DD38EA-1888-4CE7-900C-A2FB8739825B} = {E1A52C1F-CF61-42FC-85B3-873D053A13C2}
	EndGlobalSection
	GlobalSection(ExtensibilityGlobals) = postSolution
		SolutionGuid = {C039DF45-7067-483E-B3A8-AF4B372409D1}
	EndGlobalSection
EndGlobal
